
Microsoft Visual Studio Solution File, Format Version 12.00
# Visual Studio 15
VisualStudioVersion = 15.0.26730.12
MinimumVisualStudioVersion = 10.0.40219.1
Project("{D954291E-2A0B-460D-934E-DC6B0785DB48}") = "JiHuangBaiKeForMoblie", "JiHuangBaiKeForMoblie\JiHuangBaiKeForMoblie\JiHuangBaiKeForMoblie.shproj", "{19CD7ABB-BBCF-4F0C-AA3D-C2B2668974B9}"
EndProject
Project("{FAE04EC0-301F-11D3-BF4B-00C04F79EFBC}") = "JiHuangBaiKeForMoblie.Android", "JiHuangBaiKeForMoblie\JiHuangBaiKeForMoblie.Android\JiHuangBaiKeForMoblie.Android.csproj", "{180B011D-21BC-4FFB-B240-9A733A7CF31B}"
EndProject
Project("{FAE04EC0-301F-11D3-BF4B-00C04F79EFBC}") = "JiHuangBaiKeForMoblie.iOS", "JiHuangBaiKeForMoblie\JiHuangBaiKeForMoblie.iOS\JiHuangBaiKeForMoblie.iOS.csproj", "{78F27E5D-BDC5-4DF6-833F-A1DA83C65B27}"
EndProject
Project("{FAE04EC0-301F-11D3-BF4B-00C04F79EFBC}") = "JiHuangBaiKeForMoblie.UWP", "JiHuangBaiKeForMoblie\JiHuangBaiKeForMoblie.UWP\JiHuangBaiKeForMoblie.UWP.csproj", "{08F301B9-0FED-4EFF-9952-A56AC979367B}"
EndProject
Global
	GlobalSection(SharedMSBuildProjectFiles) = preSolution
		JiHuangBaiKeForMoblie\JiHuangBaiKeForMoblie\JiHuangBaiKeForMoblie.projitems*{19cd7abb-bbcf-4f0c-aa3d-c2b2668974b9}*SharedItemsImports = 13
		JiHuangBaiKeForMoblie\JiHuangBaiKeForMoblie\JiHuangBaiKeForMoblie.projitems*{78f27e5d-bdc5-4df6-833f-a1da83c65b27}*SharedItemsImports = 4
	EndGlobalSection
	GlobalSection(SolutionConfigurationPlatforms) = preSolution
		Debug|Any CPU = Debug|Any CPU
		Debug|ARM = Debug|ARM
		Debug|iPhone = Debug|iPhone
		Debug|iPhoneSimulator = Debug|iPhoneSimulator
		Debug|x64 = Debug|x64
		Debug|x86 = Debug|x86
		Release|Any CPU = Release|Any CPU
		Release|ARM = Release|ARM
		Release|iPhone = Release|iPhone
		Release|iPhoneSimulator = Release|iPhoneSimulator
		Release|x64 = Release|x64
		Release|x86 = Release|x86
	EndGlobalSection
	GlobalSection(ProjectConfigurationPlatforms) = postSolution
		{180B011D-21BC-4FFB-B240-9A733A7CF31B}.Debug|Any CPU.ActiveCfg = Debug|Any CPU
		{180B011D-21BC-4FFB-B240-9A733A7CF31B}.Debug|Any CPU.Build.0 = Debug|Any CPU
		{180B011D-21BC-4FFB-B240-9A733A7CF31B}.Debug|Any CPU.Deploy.0 = Debug|Any CPU
		{180B011D-21BC-4FFB-B240-9A733A7CF31B}.Debug|ARM.ActiveCfg = Debug|Any CPU
		{180B011D-21BC-4FFB-B240-9A733A7CF31B}.Debug|ARM.Build.0 = Debug|Any CPU
		{180B011D-21BC-4FFB-B240-9A733A7CF31B}.Debug|ARM.Deploy.0 = Debug|Any CPU
		{180B011D-21BC-4FFB-B240-9A733A7CF31B}.Debug|iPhone.ActiveCfg = Debug|Any CPU
		{180B011D-21BC-4FFB-B240-9A733A7CF31B}.Debug|iPhone.Build.0 = Debug|Any CPU
		{180B011D-21BC-4FFB-B240-9A733A7CF31B}.Debug|iPhone.Deploy.0 = Debug|Any CPU
		{180B011D-21BC-4FFB-B240-9A733A7CF31B}.Debug|iPhoneSimulator.ActiveCfg = Debug|Any CPU
		{180B011D-21BC-4FFB-B240-9A733A7CF31B}.Debug|iPhoneSimulator.Build.0 = Debug|Any CPU
		{180B011D-21BC-4FFB-B240-9A733A7CF31B}.Debug|iPhoneSimulator.Deploy.0 = Debug|Any CPU
		{180B011D-21BC-4FFB-B240-9A733A7CF31B}.Debug|x64.ActiveCfg = Debug|Any CPU
		{180B011D-21BC-4FFB-B240-9A733A7CF31B}.Debug|x64.Build.0 = Debug|Any CPU
		{180B011D-21BC-4FFB-B240-9A733A7CF31B}.Debug|x64.Deploy.0 = Debug|Any CPU
		{180B011D-21BC-4FFB-B240-9A733A7CF31B}.Debug|x86.ActiveCfg = Debug|Any CPU
		{180B011D-21BC-4FFB-B240-9A733A7CF31B}.Debug|x86.Build.0 = Debug|Any CPU
		{180B011D-21BC-4FFB-B240-9A733A7CF31B}.Debug|x86.Deploy.0 = Debug|Any CPU
		{180B011D-21BC-4FFB-B240-9A733A7CF31B}.Release|Any CPU.ActiveCfg = Release|Any CPU
		{180B011D-21BC-4FFB-B240-9A733A7CF31B}.Release|Any CPU.Build.0 = Release|Any CPU
		{180B011D-21BC-4FFB-B240-9A733A7CF31B}.Release|Any CPU.Deploy.0 = Release|Any CPU
		{180B011D-21BC-4FFB-B240-9A733A7CF31B}.Release|ARM.ActiveCfg = Release|Any CPU
		{180B011D-21BC-4FFB-B240-9A733A7CF31B}.Release|ARM.Build.0 = Release|Any CPU
		{180B011D-21BC-4FFB-B240-9A733A7CF31B}.Release|ARM.Deploy.0 = Release|Any CPU
		{180B011D-21BC-4FFB-B240-9A733A7CF31B}.Release|iPhone.ActiveCfg = Release|Any CPU
		{180B011D-21BC-4FFB-B240-9A733A7CF31B}.Release|iPhone.Build.0 = Release|Any CPU
		{180B011D-21BC-4FFB-B240-9A733A7CF31B}.Release|iPhone.Deploy.0 = Release|Any CPU
		{180B011D-21BC-4FFB-B240-9A733A7CF31B}.Release|iPhoneSimulator.ActiveCfg = Release|Any CPU
		{180B011D-21BC-4FFB-B240-9A733A7CF31B}.Release|iPhoneSimulator.Build.0 = Release|Any CPU
		{180B011D-21BC-4FFB-B240-9A733A7CF31B}.Release|iPhoneSimulator.Deploy.0 = Release|Any CPU
		{180B011D-21BC-4FFB-B240-9A733A7CF31B}.Release|x64.ActiveCfg = Release|Any CPU
		{180B011D-21BC-4FFB-B240-9A733A7CF31B}.Release|x64.Build.0 = Release|Any CPU
		{180B011D-21BC-4FFB-B240-9A733A7CF31B}.Release|x64.Deploy.0 = Release|Any CPU
		{180B011D-21BC-4FFB-B240-9A733A7CF31B}.Release|x86.ActiveCfg = Release|Any CPU
		{180B011D-21BC-4FFB-B240-9A733A7CF31B}.Release|x86.Build.0 = Release|Any CPU
		{180B011D-21BC-4FFB-B240-9A733A7CF31B}.Release|x86.Deploy.0 = Release|Any CPU
		{78F27E5D-BDC5-4DF6-833F-A1DA83C65B27}.Debug|Any CPU.ActiveCfg = Debug|iPhone
		{78F27E5D-BDC5-4DF6-833F-A1DA83C65B27}.Debug|ARM.ActiveCfg = Debug|iPhone
		{78F27E5D-BDC5-4DF6-833F-A1DA83C65B27}.Debug|iPhone.ActiveCfg = Debug|iPhone
		{78F27E5D-BDC5-4DF6-833F-A1DA83C65B27}.Debug|iPhone.Build.0 = Debug|iPhone
		{78F27E5D-BDC5-4DF6-833F-A1DA83C65B27}.Debug|iPhoneSimulator.ActiveCfg = Debug|iPhoneSimulator
		{78F27E5D-BDC5-4DF6-833F-A1DA83C65B27}.Debug|iPhoneSimulator.Build.0 = Debug|iPhoneSimulator
		{78F27E5D-BDC5-4DF6-833F-A1DA83C65B27}.Debug|x64.ActiveCfg = Debug|iPhone
		{78F27E5D-BDC5-4DF6-833F-A1DA83C65B27}.Debug|x86.ActiveCfg = Debug|iPhone
		{78F27E5D-BDC5-4DF6-833F-A1DA83C65B27}.Release|Any CPU.ActiveCfg = Release|iPhone
		{78F27E5D-BDC5-4DF6-833F-A1DA83C65B27}.Release|ARM.ActiveCfg = Release|iPhone
		{78F27E5D-BDC5-4DF6-833F-A1DA83C65B27}.Release|iPhone.ActiveCfg = Release|iPhone
		{78F27E5D-BDC5-4DF6-833F-A1DA83C65B27}.Release|iPhone.Build.0 = Release|iPhone
		{78F27E5D-BDC5-4DF6-833F-A1DA83C65B27}.Release|iPhoneSimulator.ActiveCfg = Release|iPhoneSimulator
		{78F27E5D-BDC5-4DF6-833F-A1DA83C65B27}.Release|iPhoneSimulator.Build.0 = Release|iPhoneSimulator
		{78F27E5D-BDC5-4DF6-833F-A1DA83C65B27}.Release|x64.ActiveCfg = Release|iPhone
		{78F27E5D-BDC5-4DF6-833F-A1DA83C65B27}.Release|x86.ActiveCfg = Release|iPhone
		{08F301B9-0FED-4EFF-9952-A56AC979367B}.Debug|Any CPU.ActiveCfg = Debug|x86
		{08F301B9-0FED-4EFF-9952-A56AC979367B}.Debug|ARM.ActiveCfg = Debug|ARM
		{08F301B9-0FED-4EFF-9952-A56AC979367B}.Debug|ARM.Build.0 = Debug|ARM
		{08F301B9-0FED-4EFF-9952-A56AC979367B}.Debug|ARM.Deploy.0 = Debug|ARM
		{08F301B9-0FED-4EFF-9952-A56AC979367B}.Debug|iPhone.ActiveCfg = Debug|x86
		{08F301B9-0FED-4EFF-9952-A56AC979367B}.Debug|iPhoneSimulator.ActiveCfg = Debug|x86
		{08F301B9-0FED-4EFF-9952-A56AC979367B}.Debug|x64.ActiveCfg = Debug|x64
		{08F301B9-0FED-4EFF-9952-A56AC979367B}.Debug|x64.Build.0 = Debug|x64
		{08F301B9-0FED-4EFF-9952-A56AC979367B}.Debug|x64.Deploy.0 = Debug|x64
		{08F301B9-0FED-4EFF-9952-A56AC979367B}.Debug|x86.ActiveCfg = Debug|x86
		{08F301B9-0FED-4EFF-9952-A56AC979367B}.Debug|x86.Build.0 = Debug|x86
		{08F301B9-0FED-4EFF-9952-A56AC979367B}.Debug|x86.Deploy.0 = Debug|x86
		{08F301B9-0FED-4EFF-9952-A56AC979367B}.Release|Any CPU.ActiveCfg = Release|x86
		{08F301B9-0FED-4EFF-9952-A56AC979367B}.Release|ARM.ActiveCfg = Release|ARM
		{08F301B9-0FED-4EFF-9952-A56AC979367B}.Release|ARM.Build.0 = Release|ARM
		{08F301B9-0FED-4EFF-9952-A56AC979367B}.Release|ARM.Deploy.0 = Release|ARM
		{08F301B9-0FED-4EFF-9952-A56AC979367B}.Release|iPhone.ActiveCfg = Release|x86
		{08F301B9-0FED-4EFF-9952-A56AC979367B}.Release|iPhoneSimulator.ActiveCfg = Release|x86
		{08F301B9-0FED-4EFF-9952-A56AC979367B}.Release|x64.ActiveCfg = Release|x64
		{08F301B9-0FED-4EFF-9952-A56AC979367B}.Release|x64.Build.0 = Release|x64
		{08F301B9-0FED-4EFF-9952-A56AC979367B}.Release|x64.Deploy.0 = Release|x64
		{08F301B9-0FED-4EFF-9952-A56AC979367B}.Release|x86.ActiveCfg = Release|x86
		{08F301B9-0FED-4EFF-9952-A56AC979367B}.Release|x86.Build.0 = Release|x86
		{08F301B9-0FED-4EFF-9952-A56AC979367B}.Release|x86.Deploy.0 = Release|x86
	EndGlobalSection
	GlobalSection(SolutionProperties) = preSolution
		HideSolutionNode = FALSE
	EndGlobalSection
	GlobalSection(ExtensibilityGlobals) = postSolution
		SolutionGuid = {BD1830B6-8D49-43DF-9ED7-E0F78C989882}
	EndGlobalSection
EndGlobal
